
Microsoft Visual Studio Solution File, Format Version 12.00
# Visual Studio 15
VisualStudioVersion = 15.0.26124.0
MinimumVisualStudioVersion = 15.0.26124.0
Project("{2150E333-8FDC-42A3-9474-1A3956D46DE8}") = "sql-type-generation", "sql-type-generation", "{2FF1A525-6D23-4BD8-849A-18BA89F1DBBD}"
EndProject
Project("{F2A71F9B-5D33-465A-A702-920D77279786}") = "MyApp", "sql-type-generation\MyApp\MyApp.fsproj", "{6CAEB15D-7300-4EFE-B8A3-04534B83E999}"
EndProject
Global
	GlobalSection(SolutionConfigurationPlatforms) = preSolution
		Debug|Any CPU = Debug|Any CPU
		Debug|x64 = Debug|x64
		Debug|x86 = Debug|x86
		Release|Any CPU = Release|Any CPU
		Release|x64 = Release|x64
		Release|x86 = Release|x86
	EndGlobalSection
	GlobalSection(SolutionProperties) = preSolution
		HideSolutionNode = FALSE
	EndGlobalSection
	GlobalSection(ProjectConfigurationPlatforms) = postSolution
		{6CAEB15D-7300-4EFE-B8A3-04534B83E999}.Debug|Any CPU.ActiveCfg = Debug|Any CPU
		{6CAEB15D-7300-4EFE-B8A3-04534B83E999}.Debug|Any CPU.Build.0 = Debug|Any CPU
		{6CAEB15D-7300-4EFE-B8A3-04534B83E999}.Debug|x64.ActiveCfg = Debug|Any CPU
		{6CAEB15D-7300-4EFE-B8A3-04534B83E999}.Debug|x64.Build.0 = Debug|Any CPU
		{6CAEB15D-7300-4EFE-B8A3-04534B83E999}.Debug|x86.ActiveCfg = Debug|Any CPU
		{6CAEB15D-7300-4EFE-B8A3-04534B83E999}.Debug|x86.Build.0 = Debug|Any CPU
		{6CAEB15D-7300-4EFE-B8A3-04534B83E999}.Release|Any CPU.ActiveCfg = Release|Any CPU
		{6CAEB15D-7300-4EFE-B8A3-04534B83E999}.Release|Any CPU.Build.0 = Release|Any CPU
		{6CAEB15D-7300-4EFE-B8A3-04534B83E999}.Release|x64.ActiveCfg = Release|Any CPU
		{6CAEB15D-7300-4EFE-B8A3-04534B83E999}.Release|x64.Build.0 = Release|Any CPU
		{6CAEB15D-7300-4EFE-B8A3-04534B83E999}.Release|x86.ActiveCfg = Release|Any CPU
		{6CAEB15D-7300-4EFE-B8A3-04534B83E999}.Release|x86.Build.0 = Release|Any CPU
	EndGlobalSection
	GlobalSection(NestedProjects) = preSolution
		{6CAEB15D-7300-4EFE-B8A3-04534B83E999} = {2FF1A525-6D23-4BD8-849A-18BA89F1DBBD}
	EndGlobalSection
EndGlobal
